
Microsoft Visual Studio Solution File, Format Version 12.00
# Visual Studio Version 16
VisualStudioVersion = 16.0.31105.61
MinimumVisualStudioVersion = 10.0.40219.1
Project("{888888A0-9F3D-457C-B088-3A5042F75D52}") = "TwitchPlays", "TwitchPlays.pyproj", "{1C255E28-EAFA-473B-BF91-5F72526D635A}"
EndProject
Global
	GlobalSection(SolutionConfigurationPlatforms) = preSolution
		Debug|Any CPU = Debug|Any CPU
		Release|Any CPU = Release|Any CPU
	EndGlobalSection
	GlobalSection(ProjectConfigurationPlatforms) = postSolution
		{1C255E28-EAFA-473B-BF91-5F72526D635A}.Debug|Any CPU.ActiveCfg = Debug|Any CPU
		{1C255E28-EAFA-473B-BF91-5F72526D635A}.Release|Any CPU.ActiveCfg = Release|Any CPU
	EndGlobalSection
	GlobalSection(SolutionProperties) = preSolution
		HideSolutionNode = FALSE
	EndGlobalSection
	GlobalSection(ExtensibilityGlobals) = postSolution
		SolutionGuid = {C965B148-6D9C-42F4-A623-AED15AA8A33C}
	EndGlobalSection
EndGlobal
